// !$*UTF8*$!
{
	archiveVersion = 1;
	classes = {
	};
	objectVersion = 46;
	objects = {

/* Begin PBXBuildFile section */
		282671F71D86D378004BACC1 /* people.png in Resources */ = {isa = PBXBuildFile; fileRef = 282671F61D86D378004BACC1 /* people.png */; };
		282671F91D86D597004BACC1 /* people.png in Resources */ = {isa = PBXBuildFile; fileRef = 282671F81D86D597004BACC1 /* people.png */; };
		282671FB1D86E27C004BACC1 /* Icon.png in Resources */ = {isa = PBXBuildFile; fileRef = 282671FA1D86E27C004BACC1 /* Icon.png */; };
		28E3395E1D86CBA1003B45D7 /* main.m in Sources */ = {isa = PBXBuildFile; fileRef = 28E3395D1D86CBA1003B45D7 /* main.m */; };
		28E339611D86CBA1003B45D7 /* AppDelegate.m in Sources */ = {isa = PBXBuildFile; fileRef = 28E339601D86CBA1003B45D7 /* AppDelegate.m */; };
		28E339641D86CBA1003B45D7 /* ViewController.m in Sources */ = {isa = PBXBuildFile; fileRef = 28E339631D86CBA1003B45D7 /* ViewController.m */; };
		28E339671D86CBA1003B45D7 /* Main.storyboard in Resources */ = {isa = PBXBuildFile; fileRef = 28E339651D86CBA1003B45D7 /* Main.storyboard */; };
		28E339691D86CBA1003B45D7 /* Assets.xcassets in Resources */ = {isa = PBXBuildFile; fileRef = 28E339681D86CBA1003B45D7 /* Assets.xcassets */; };
		28E3396C1D86CBA1003B45D7 /* LaunchScreen.storyboard in Resources */ = {isa = PBXBuildFile; fileRef = 28E3396A1D86CBA1003B45D7 /* LaunchScreen.storyboard */; };
		28E339771D86CBA1003B45D7 /* tryTests.m in Sources */ = {isa = PBXBuildFile; fileRef = 28E339761D86CBA1003B45D7 /* tryTests.m */; };
		28E339821D86CBA1003B45D7 /* tryUITests.m in Sources */ = {isa = PBXBuildFile; fileRef = 28E339811D86CBA1003B45D7 /* tryUITests.m */; };
/* End PBXBuildFile section */

/* Begin PBXContainerItemProxy section */
		28E339731D86CBA1003B45D7 /* PBXContainerItemProxy */ = {
			isa = PBXContainerItemProxy;
			containerPortal = 28E339511D86CBA1003B45D7 /* Project object */;
			proxyType = 1;
			remoteGlobalIDString = 28E339581D86CBA1003B45D7;
			remoteInfo = try;
		};
		28E3397E1D86CBA1003B45D7 /* PBXContainerItemProxy */ = {
			isa = PBXContainerItemProxy;
			containerPortal = 28E339511D86CBA1003B45D7 /* Project object */;
			proxyType = 1;
			remoteGlobalIDString = 28E339581D86CBA1003B45D7;
			remoteInfo = try;
		};
/* End PBXContainerItemProxy section */

/* Begin PBXFileReference section */
		282671F61D86D378004BACC1 /* people.png */ = {isa = PBXFileReference; lastKnownFileType = image.png; name = people.png; path = ../../../Desktop/people.png; sourceTree = "<group>"; };
		282671F81D86D597004BACC1 /* people.png */ = {isa = PBXFileReference; lastKnownFileType = image.png; name = people.png; path = ../../picture/people.png; sourceTree = "<group>"; };
		282671FA1D86E27C004BACC1 /* Icon.png */ = {isa = PBXFileReference; lastKnownFileType = image.png; name = Icon.png; path = ../../picture/Icon.png; sourceTree = "<group>"; };
		28E339591D86CBA1003B45D7 /* try.app */ = {isa = PBXFileReference; explicitFileType = wrapper.application; includeInIndex = 0; path = try.app; sourceTree = BUILT_PRODUCTS_DIR; };
		28E3395D1D86CBA1003B45D7 /* main.m */ = {isa = PBXFileReference; lastKnownFileType = sourcecode.c.objc; path = main.m; sourceTree = "<group>"; };
		28E3395F1D86CBA1003B45D7 /* AppDelegate.h */ = {isa = PBXFileReference; lastKnownFileType = sourcecode.c.h; path = AppDelegate.h; sourceTree = "<group>"; };
		28E339601D86CBA1003B45D7 /* AppDelegate.m */ = {isa = PBXFileReference; lastKnownFileType = sourcecode.c.objc; path = AppDelegate.m; sourceTree = "<group>"; };
		28E339621D86CBA1003B45D7 /* ViewController.h */ = {isa = PBXFileReference; lastKnownFileType = sourcecode.c.h; path = ViewController.h; sourceTree = "<group>"; };
		28E339631D86CBA1003B45D7 /* ViewController.m */ = {isa = PBXFileReference; lastKnownFileType = sourcecode.c.objc; path = ViewController.m; sourceTree = "<group>"; };
		28E339661D86CBA1003B45D7 /* Base */ = {isa = PBXFileReference; lastKnownFileType = file.storyboard; name = Base; path = Base.lproj/Main.storyboard; sourceTree = "<group>"; };
		28E339681D86CBA1003B45D7 /* Assets.xcassets */ = {isa = PBXFileReference; lastKnownFileType = folder.assetcatalog; path = Assets.xcassets; sourceTree = "<group>"; };
		28E3396B1D86CBA1003B45D7 /* Base */ = {isa = PBXFileReference; lastKnownFileType = file.storyboard; name = Base; path = Base.lproj/LaunchScreen.storyboard; sourceTree = "<group>"; };
		28E3396D1D86CBA1003B45D7 /* Info.plist */ = {isa = PBXFileReference; lastKnownFileType = text.plist.xml; path = Info.plist; sourceTree = "<group>"; };
		28E339721D86CBA1003B45D7 /* tryTests.xctest */ = {isa = PBXFileReference; explicitFileType = wrapper.cfbundle; includeInIndex = 0; path = tryTests.xctest; sourceTree = BUILT_PRODUCTS_DIR; };
		28E339761D86CBA1003B45D7 /* tryTests.m */ = {isa = PBXFileReference; lastKnownFileType = sourcecode.c.objc; path = tryTests.m; sourceTree = "<group>"; };
		28E339781D86CBA1003B45D7 /* Info.plist */ = {isa = PBXFileReference; lastKnownFileType = text.plist.xml; path = Info.plist; sourceTree = "<group>"; };
		28E3397D1D86CBA1003B45D7 /* tryUITests.xctest */ = {isa = PBXFileReference; explicitFileType = wrapper.cfbundle; includeInIndex = 0; path = tryUITests.xctest; sourceTree = BUILT_PRODUCTS_DIR; };
		28E339811D86CBA1003B45D7 /* tryUITests.m */ = {isa = PBXFileReference; lastKnownFileType = sourcecode.c.objc; path = tryUITests.m; sourceTree = "<group>"; };
		28E339831D86CBA1003B45D7 /* Info.plist */ = {isa = PBXFileReference; lastKnownFileType = text.plist.xml; path = Info.plist; sourceTree = "<group>"; };
/* End PBXFileReference section */

/* Begin PBXFrameworksBuildPhase section */
		28E339561D86CBA1003B45D7 /* Frameworks */ = {
			isa = PBXFrameworksBuildPhase;
			buildActionMask = 2147483647;
			files = (
			);
			runOnlyForDeploymentPostprocessing = 0;
		};
		28E3396F1D86CBA1003B45D7 /* Frameworks */ = {
			isa = PBXFrameworksBuildPhase;
			buildActionMask = 2147483647;
			files = (
			);
			runOnlyForDeploymentPostprocessing = 0;
		};
		28E3397A1D86CBA1003B45D7 /* Frameworks */ = {
			isa = PBXFrameworksBuildPhase;
			buildActionMask = 2147483647;
			files = (
			);
			runOnlyForDeploymentPostprocessing = 0;
		};
/* End PBXFrameworksBuildPhase section */

/* Begin PBXGroup section */
		28E339501D86CBA1003B45D7 = {
			isa = PBXGroup;
			children = (
				282671F61D86D378004BACC1 /* people.png */,
				28E3395B1D86CBA1003B45D7 /* try */,
				28E339751D86CBA1003B45D7 /* tryTests */,
				28E339801D86CBA1003B45D7 /* tryUITests */,
				28E3395A1D86CBA1003B45D7 /* Products */,
			);
			sourceTree = "<group>";
		};
		28E3395A1D86CBA1003B45D7 /* Products */ = {
			isa = PBXGroup;
			children = (
				28E339591D86CBA1003B45D7 /* try.app */,
				28E339721D86CBA1003B45D7 /* tryTests.xctest */,
				28E3397D1D86CBA1003B45D7 /* tryUITests.xctest */,
			);
			name = Products;
			sourceTree = "<group>";
		};
		28E3395B1D86CBA1003B45D7 /* try */ = {
			isa = PBXGroup;
			children = (
				28E3395F1D86CBA1003B45D7 /* AppDelegate.h */,
				28E339601D86CBA1003B45D7 /* AppDelegate.m */,
				28E339621D86CBA1003B45D7 /* ViewController.h */,
				28E339631D86CBA1003B45D7 /* ViewController.m */,
				28E339651D86CBA1003B45D7 /* Main.storyboard */,
				28E339681D86CBA1003B45D7 /* Assets.xcassets */,
				28E3396A1D86CBA1003B45D7 /* LaunchScreen.storyboard */,
				28E3396D1D86CBA1003B45D7 /* Info.plist */,
				28E3395C1D86CBA1003B45D7 /* Supporting Files */,
			);
			path = try;
			sourceTree = "<group>";
		};
		28E3395C1D86CBA1003B45D7 /* Supporting Files */ = {
			isa = PBXGroup;
			children = (
				282671F81D86D597004BACC1 /* people.png */,
				282671FA1D86E27C004BACC1 /* Icon.png */,
				28E3395D1D86CBA1003B45D7 /* main.m */,
			);
			name = "Supporting Files";
			sourceTree = "<group>";
		};
		28E339751D86CBA1003B45D7 /* tryTests */ = {
			isa = PBXGroup;
			children = (
				28E339761D86CBA1003B45D7 /* tryTests.m */,
				28E339781D86CBA1003B45D7 /* Info.plist */,
			);
			path = tryTests;
			sourceTree = "<group>";
		};
		28E339801D86CBA1003B45D7 /* tryUITests */ = {
			isa = PBXGroup;
			children = (
				28E339811D86CBA1003B45D7 /* tryUITests.m */,
				28E339831D86CBA1003B45D7 /* Info.plist */,
			);
			path = tryUITests;
			sourceTree = "<group>";
		};
/* End PBXGroup section */

/* Begin PBXNativeTarget section */
		28E339581D86CBA1003B45D7 /* try */ = {
			isa = PBXNativeTarget;
			buildConfigurationList = 28E339861D86CBA1003B45D7 /* Build configuration list for PBXNativeTarget "try" */;
			buildPhases = (
				28E339551D86CBA1003B45D7 /* Sources */,
				28E339561D86CBA1003B45D7 /* Frameworks */,
				28E339571D86CBA1003B45D7 /* Resources */,
			);
			buildRules = (
			);
			dependencies = (
			);
			name = try;
			productName = try;
			productReference = 28E339591D86CBA1003B45D7 /* try.app */;
			productType = "com.apple.product-type.application";
		};
		28E339711D86CBA1003B45D7 /* tryTests */ = {
			isa = PBXNativeTarget;
			buildConfigurationList = 28E339891D86CBA1003B45D7 /* Build configuration list for PBXNativeTarget "tryTests" */;
			buildPhases = (
				28E3396E1D86CBA1003B45D7 /* Sources */,
				28E3396F1D86CBA1003B45D7 /* Frameworks */,
				28E339701D86CBA1003B45D7 /* Resources */,
			);
			buildRules = (
			);
			dependencies = (
				28E339741D86CBA1003B45D7 /* PBXTargetDependency */,
			);
			name = tryTests;
			productName = tryTests;
			productReference = 28E339721D86CBA1003B45D7 /* tryTests.xctest */;
			productType = "com.apple.product-type.bundle.unit-test";
		};
		28E3397C1D86CBA1003B45D7 /* tryUITests */ = {
			isa = PBXNativeTarget;
			buildConfigurationList = 28E3398C1D86CBA1003B45D7 /* Build configuration list for PBXNativeTarget "tryUITests" */;
			buildPhases = (
				28E339791D86CBA1003B45D7 /* Sources */,
				28E3397A1D86CBA1003B45D7 /* Frameworks */,
				28E3397B1D86CBA1003B45D7 /* Resources */,
			);
			buildRules = (
			);
			dependencies = (
				28E3397F1D86CBA1003B45D7 /* PBXTargetDependency */,
			);
			name = tryUITests;
			productName = tryUITests;
			productReference = 28E3397D1D86CBA1003B45D7 /* tryUITests.xctest */;
			productType = "com.apple.product-type.bundle.ui-testing";
		};
/* End PBXNativeTarget section */

/* Begin PBXProject section */
		28E339511D86CBA1003B45D7 /* Project object */ = {
			isa = PBXProject;
			attributes = {
				LastUpgradeCheck = 0710;
				ORGANIZATIONNAME = "Olivia Sun";
				TargetAttributes = {
					28E339581D86CBA1003B45D7 = {
						CreatedOnToolsVersion = 7.1;
					};
					28E339711D86CBA1003B45D7 = {
						CreatedOnToolsVersion = 7.1;
						TestTargetID = 28E339581D86CBA1003B45D7;
					};
					28E3397C1D86CBA1003B45D7 = {
						CreatedOnToolsVersion = 7.1;
						TestTargetID = 28E339581D86CBA1003B45D7;
					};
				};
			};
			buildConfigurationList = 28E339541D86CBA1003B45D7 /* Build configuration list for PBXProject "try" */;
			compatibilityVersion = "Xcode 3.2";
			developmentRegion = English;
			hasScannedForEncodings = 0;
			knownRegions = (
				en,
				Base,
			);
			mainGroup = 28E339501D86CBA1003B45D7;
			productRefGroup = 28E3395A1D86CBA1003B45D7 /* Products */;
			projectDirPath = "";
			projectRoot = "";
			targets = (
				28E339581D86CBA1003B45D7 /* try */,
				28E339711D86CBA1003B45D7 /* tryTests */,
				28E3397C1D86CBA1003B45D7 /* tryUITests */,
			);
		};
/* End PBXProject section */

/* Begin PBXResourcesBuildPhase section */
		28E339571D86CBA1003B45D7 /* Resources */ = {
			isa = PBXResourcesBuildPhase;
			buildActionMask = 2147483647;
			files = (
				282671FB1D86E27C004BACC1 /* Icon.png in Resources */,
				28E3396C1D86CBA1003B45D7 /* LaunchScreen.storyboard in Resources */,
				28E339691D86CBA1003B45D7 /* Assets.xcassets in Resources */,
				282671F71D86D378004BACC1 /* people.png in Resources */,
				28E339671D86CBA1003B45D7 /* Main.storyboard in Resources */,
				282671F91D86D597004BACC1 /* people.png in Resources */,
			);
			runOnlyForDeploymentPostprocessing = 0;
		};
		28E339701D86CBA1003B45D7 /* Resources */ = {
			isa = PBXResourcesBuildPhase;
			buildActionMask = 2147483647;
			files = (
			);
			runOnlyForDeploymentPostprocessing = 0;
		};
		28E3397B1D86CBA1003B45D7 /* Resources */ = {
			isa = PBXResourcesBuildPhase;
			buildActionMask = 2147483647;
			files = (
			);
			runOnlyForDeploymentPostprocessing = 0;
		};
/* End PBXResourcesBuildPhase section */

/* Begin PBXSourcesBuildPhase section */
		28E339551D86CBA1003B45D7 /* Sources */ = {
			isa = PBXSourcesBuildPhase;
			buildActionMask = 2147483647;
			files = (
				28E339641D86CBA1003B45D7 /* ViewController.m in Sources */,
				28E339611D86CBA1003B45D7 /* AppDelegate.m in Sources */,
				28E3395E1D86CBA1003B45D7 /* main.m in Sources */,
			);
			runOnlyForDeploymentPostprocessing = 0;
		};
		28E3396E1D86CBA1003B45D7 /* Sources */ = {
			isa = PBXSourcesBuildPhase;
			buildActionMask = 2147483647;
			files = (
				28E339771D86CBA1003B45D7 /* tryTests.m in Sources */,
			);
			runOnlyForDeploymentPostprocessing = 0;
		};
		28E339791D86CBA1003B45D7 /* Sources */ = {
			isa = PBXSourcesBuildPhase;
			buildActionMask = 2147483647;
			files = (
				28E339821D86CBA1003B45D7 /* tryUITests.m in Sources */,
			);
			runOnlyForDeploymentPostprocessing = 0;
		};
/* End PBXSourcesBuildPhase section */

/* Begin PBXTargetDependency section */
		28E339741D86CBA1003B45D7 /* PBXTargetDependency */ = {
			isa = PBXTargetDependency;
			target = 28E339581D86CBA1003B45D7 /* try */;
			targetProxy = 28E339731D86CBA1003B45D7 /* PBXContainerItemProxy */;
		};
		28E3397F1D86CBA1003B45D7 /* PBXTargetDependency */ = {
			isa = PBXTargetDependency;
			target = 28E339581D86CBA1003B45D7 /* try */;
			targetProxy = 28E3397E1D86CBA1003B45D7 /* PBXContainerItemProxy */;
		};
/* End PBXTargetDependency section */

/* Begin PBXVariantGroup section */
		28E339651D86CBA1003B45D7 /* Main.storyboard */ = {
			isa = PBXVariantGroup;
			children = (
				28E339661D86CBA1003B45D7 /* Base */,
			);
			name = Main.storyboard;
			sourceTree = "<group>";
		};
		28E3396A1D86CBA1003B45D7 /* LaunchScreen.storyboard */ = {
			isa = PBXVariantGroup;
			children = (
				28E3396B1D86CBA1003B45D7 /* Base */,
			);
			name = LaunchScreen.storyboard;
			sourceTree = "<group>";
		};
/* End PBXVariantGroup section */

/* Begin XCBuildConfiguration section */
		28E339841D86CBA1003B45D7 /* Debug */ = {
			isa = XCBuildConfiguration;
			buildSettings = {
				ALWAYS_SEARCH_USER_PATHS = NO;
				CLANG_CXX_LANGUAGE_STANDARD = "gnu++0x";
				CLANG_CXX_LIBRARY = "libc++";
				CLANG_ENABLE_MODULES = YES;
				CLANG_ENABLE_OBJC_ARC = YES;
				CLANG_WARN_BOOL_CONVERSION = YES;
				CLANG_WARN_CONSTANT_CONVERSION = YES;
				CLANG_WARN_DIRECT_OBJC_ISA_USAGE = YES_ERROR;
				CLANG_WARN_EMPTY_BODY = YES;
				CLANG_WARN_ENUM_CONVERSION = YES;
				CLANG_WARN_INT_CONVERSION = YES;
				CLANG_WARN_OBJC_ROOT_CLASS = YES_ERROR;
				CLANG_WARN_UNREACHABLE_CODE = YES;
				CLANG_WARN__DUPLICATE_METHOD_MATCH = YES;
				"CODE_SIGN_IDENTITY[sdk=iphoneos*]" = "iPhone Developer";
				COPY_PHASE_STRIP = NO;
				DEBUG_INFORMATION_FORMAT = dwarf;
				ENABLE_STRICT_OBJC_MSGSEND = YES;
				ENABLE_TESTABILITY = YES;
				GCC_C_LANGUAGE_STANDARD = gnu99;
				GCC_DYNAMIC_NO_PIC = NO;
				GCC_NO_COMMON_BLOCKS = YES;
				GCC_OPTIMIZATION_LEVEL = 0;
				GCC_PREPROCESSOR_DEFINITIONS = (
					"DEBUG=1",
					"$(inherited)",
				);
				GCC_WARN_64_TO_32_BIT_CONVERSION = YES;
				GCC_WARN_ABOUT_RETURN_TYPE = YES_ERROR;
				GCC_WARN_UNDECLARED_SELECTOR = YES;
				GCC_WARN_UNINITIALIZED_AUTOS = YES_AGGRESSIVE;
				GCC_WARN_UNUSED_FUNCTION = YES;
				GCC_WARN_UNUSED_VARIABLE = YES;
				IPHONEOS_DEPLOYMENT_TARGET = 9.1;
				MTL_ENABLE_DEBUG_INFO = YES;
				ONLY_ACTIVE_ARCH = YES;
				SDKROOT = iphoneos;
				TARGETED_DEVICE_FAMILY = "1,2";
			};
			name = Debug;
		};
		28E339851D86CBA1003B45D7 /* Release */ = {
			isa = XCBuildConfiguration;
			buildSettings = {
				ALWAYS_SEARCH_USER_PATHS = NO;
				CLANG_CXX_LANGUAGE_STANDARD = "gnu++0x";
				CLANG_CXX_LIBRARY = "libc++";
				CLANG_ENABLE_MODULES = YES;
				CLANG_ENABLE_OBJC_ARC = YES;
				CLANG_WARN_BOOL_CONVERSION = YES;
				CLANG_WARN_CONSTANT_CONVERSION = YES;
				CLANG_WARN_DIRECT_OBJC_ISA_USAGE = YES_ERROR;
				CLANG_WARN_EMPTY_BODY = YES;
				CLANG_WARN_ENUM_CONVERSION = YES;
				CLANG_WARN_INT_CONVERSION = YES;
				CLANG_WARN_OBJC_ROOT_CLASS = YES_ERROR;
				CLANG_WARN_UNREACHABLE_CODE = YES;
				CLANG_WARN__DUPLICATE_METHOD_MATCH = YES;
				"CODE_SIGN_IDENTITY[sdk=iphoneos*]" = "iPhone Developer";
				COPY_PHASE_STRIP = NO;
				DEBUG_INFORMATION_FORMAT = "dwarf-with-dsym";
				ENABLE_NS_ASSERTIONS = NO;
				ENABLE_STRICT_OBJC_MSGSEND = YES;
				GCC_C_LANGUAGE_STANDARD = gnu99;
				GCC_NO_COMMON_BLOCKS = YES;
				GCC_WARN_64_TO_32_BIT_CONVERSION = YES;
				GCC_WARN_ABOUT_RETURN_TYPE = YES_ERROR;
				GCC_WARN_UNDECLARED_SELECTOR = YES;
				GCC_WARN_UNINITIALIZED_AUTOS = YES_AGGRESSIVE;
				GCC_WARN_UNUSED_FUNCTION = YES;
				GCC_WARN_UNUSED_VARIABLE = YES;
				IPHONEOS_DEPLOYMENT_TARGET = 9.1;
				MTL_ENABLE_DEBUG_INFO = NO;
				SDKROOT = iphoneos;
				TARGETED_DEVICE_FAMILY = "1,2";
				VALIDATE_PRODUCT = YES;
			};
			name = Release;
		};
		28E339871D86CBA1003B45D7 /* Debug */ = {
			isa = XCBuildConfiguration;
			buildSettings = {
				ASSETCATALOG_COMPILER_APPICON_NAME = AppIcon;
				INFOPLIST_FILE = try/Info.plist;
				LD_RUNPATH_SEARCH_PATHS = "$(inherited) @executable_path/Frameworks";
				PRODUCT_BUNDLE_IDENTIFIER = "olivia-s-mac.try";
				PRODUCT_NAME = "$(TARGET_NAME)";
			};
			name = Debug;
		};
		28E339881D86CBA1003B45D7 /* Release */ = {
			isa = XCBuildConfiguration;
			buildSettings = {
				ASSETCATALOG_COMPILER_APPICON_NAME = AppIcon;
				INFOPLIST_FILE = try/Info.plist;
				LD_RUNPATH_SEARCH_PATHS = "$(inherited) @executable_path/Frameworks";
				PRODUCT_BUNDLE_IDENTIFIER = "olivia-s-mac.try";
				PRODUCT_NAME = "$(TARGET_NAME)";
			};
			name = Release;
		};
		28E3398A1D86CBA1003B45D7 /* Debug */ = {
			isa = XCBuildConfiguration;
			buildSettings = {
				BUNDLE_LOADER = "$(TEST_HOST)";
				INFOPLIST_FILE = tryTests/Info.plist;
				LD_RUNPATH_SEARCH_PATHS = "$(inherited) @executable_path/Frameworks @loader_path/Frameworks";
				PRODUCT_BUNDLE_IDENTIFIER = "olivia-s-mac.tryTests";
				PRODUCT_NAME = "$(TARGET_NAME)";
				TEST_HOST = "$(BUILT_PRODUCTS_DIR)/try.app/try";
			};
			name = Debug;
		};
		28E3398B1D86CBA1003B45D7 /* Release */ = {
			isa = XCBuildConfiguration;
			buildSettings = {
				BUNDLE_LOADER = "$(TEST_HOST)";
				INFOPLIST_FILE = tryTests/Info.plist;
				LD_RUNPATH_SEARCH_PATHS = "$(inherited) @executable_path/Frameworks @loader_path/Frameworks";
				PRODUCT_BUNDLE_IDENTIFIER = "olivia-s-mac.tryTests";
				PRODUCT_NAME = "$(TARGET_NAME)";
				TEST_HOST = "$(BUILT_PRODUCTS_DIR)/try.app/try";
			};
			name = Release;
		};
		28E3398D1D86CBA1003B45D7 /* Debug */ = {
			isa = XCBuildConfiguration;
			buildSettings = {
				INFOPLIST_FILE = tryUITests/Info.plist;
				LD_RUNPATH_SEARCH_PATHS = "$(inherited) @executable_path/Frameworks @loader_path/Frameworks";
				PRODUCT_BUNDLE_IDENTIFIER = "olivia-s-mac.tryUITests";
				PRODUCT_NAME = "$(TARGET_NAME)";
				TEST_TARGET_NAME = try;
				USES_XCTRUNNER = YES;
			};
			name = Debug;
		};
		28E3398E1D86CBA1003B45D7 /* Release */ = {
			isa = XCBuildConfiguration;
			buildSettings = {
				INFOPLIST_FILE = tryUITests/Info.plist;
				LD_RUNPATH_SEARCH_PATHS = "$(inherited) @executable_path/Frameworks @loader_path/Frameworks";
				PRODUCT_BUNDLE_IDENTIFIER = "olivia-s-mac.tryUITests";
				PRODUCT_NAME = "$(TARGET_NAME)";
				TEST_TARGET_NAME = try;
				USES_XCTRUNNER = YES;
			};
			name = Release;
		};
/* End XCBuildConfiguration section */

/* Begin XCConfigurationList section */
		28E339541D86CBA1003B45D7 /* Build configuration list for PBXProject "try" */ = {
			isa = XCConfigurationList;
			buildConfigurations = (
				28E339841D86CBA1003B45D7 /* Debug */,
				28E339851D86CBA1003B45D7 /* Release */,
			);
			defaultConfigurationIsVisible = 0;
			defaultConfigurationName = Release;
		};
		28E339861D86CBA1003B45D7 /* Build configuration list for PBXNativeTarget "try" */ = {
			isa = XCConfigurationList;
			buildConfigurations = (
				28E339871D86CBA1003B45D7 /* Debug */,
				28E339881D86CBA1003B45D7 /* Release */,
			);
			defaultConfigurationIsVisible = 0;
			defaultConfigurationName = Release;
		};
		28E339891D86CBA1003B45D7 /* Build configuration list for PBXNativeTarget "tryTests" */ = {
			isa = XCConfigurationList;
			buildConfigurations = (
				28E3398A1D86CBA1003B45D7 /* Debug */,
				28E3398B1D86CBA1003B45D7 /* Release */,
			);
			defaultConfigurationIsVisible = 0;
			defaultConfigurationName = Release;
		};
		28E3398C1D86CBA1003B45D7 /* Build configuration list for PBXNativeTarget "tryUITests" */ = {
			isa = XCConfigurationList;
			buildConfigurations = (
				28E3398D1D86CBA1003B45D7 /* Debug */,
				28E3398E1D86CBA1003B45D7 /* Release */,
			);
			defaultConfigurationIsVisible = 0;
			defaultConfigurationName = Release;
		};
/* End XCConfigurationList section */
	};
	rootObject = 28E339511D86CBA1003B45D7 /* Project object */;
}
